
Microsoft Visual Studio Solution File, Format Version 12.00
# Visual Studio Version 16
VisualStudioVersion = 16.0.30011.22
MinimumVisualStudioVersion = 10.0.40219.1
Project("{FAE04EC0-301F-11D3-BF4B-00C04F79EFBC}") = "P01.Santa'sPresentFactory", "P01.Santa'sPresentFactory\P01.Santa'sPresentFactory.csproj", "{4EE8F48D-1A73-45D7-B380-C94E9EE6B818}"
EndProject
Project("{FAE04EC0-301F-11D3-BF4B-00C04F79EFBC}") = "P02.PresentDelivery", "P02.PresentDelivery\P02.PresentDelivery.csproj", "{3A2313BB-2FF5-46F4-8880-C3FED837AC47}"
EndProject
Project("{FAE04EC0-301F-11D3-BF4B-00C04F79EFBC}") = "P03.Christmas", "P03.Christmas\P03.Christmas.csproj", "{BD196C70-DAC8-4646-BE3A-79AD0758065B}"
EndProject
Global
	GlobalSection(SolutionConfigurationPlatforms) = preSolution
		Debug|Any CPU = Debug|Any CPU
		Release|Any CPU = Release|Any CPU
	EndGlobalSection
	GlobalSection(ProjectConfigurationPlatforms) = postSolution
		{4EE8F48D-1A73-45D7-B380-C94E9EE6B818}.Debug|Any CPU.ActiveCfg = Debug|Any CPU
		{4EE8F48D-1A73-45D7-B380-C94E9EE6B818}.Debug|Any CPU.Build.0 = Debug|Any CPU
		{4EE8F48D-1A73-45D7-B380-C94E9EE6B818}.Release|Any CPU.ActiveCfg = Release|Any CPU
		{4EE8F48D-1A73-45D7-B380-C94E9EE6B818}.Release|Any CPU.Build.0 = Release|Any CPU
		{3A2313BB-2FF5-46F4-8880-C3FED837AC47}.Debug|Any CPU.ActiveCfg = Debug|Any CPU
		{3A2313BB-2FF5-46F4-8880-C3FED837AC47}.Debug|Any CPU.Build.0 = Debug|Any CPU
		{3A2313BB-2FF5-46F4-8880-C3FED837AC47}.Release|Any CPU.ActiveCfg = Release|Any CPU
		{3A2313BB-2FF5-46F4-8880-C3FED837AC47}.Release|Any CPU.Build.0 = Release|Any CPU
		{BD196C70-DAC8-4646-BE3A-79AD0758065B}.Debug|Any CPU.ActiveCfg = Debug|Any CPU
		{BD196C70-DAC8-4646-BE3A-79AD0758065B}.Debug|Any CPU.Build.0 = Debug|Any CPU
		{BD196C70-DAC8-4646-BE3A-79AD0758065B}.Release|Any CPU.ActiveCfg = Release|Any CPU
		{BD196C70-DAC8-4646-BE3A-79AD0758065B}.Release|Any CPU.Build.0 = Release|Any CPU
	EndGlobalSection
	GlobalSection(SolutionProperties) = preSolution
		HideSolutionNode = FALSE
	EndGlobalSection
	GlobalSection(ExtensibilityGlobals) = postSolution
		SolutionGuid = {A1E25141-31C2-4A17-B60F-1ADA3978C0D8}
	EndGlobalSection
EndGlobal
